
Microsoft Visual Studio Solution File, Format Version 12.00
# Visual Studio 15
VisualStudioVersion = 15.0.27130.2003
MinimumVisualStudioVersion = 10.0.40219.1
Project("{FAE04EC0-301F-11D3-BF4B-00C04F79EFBC}") = "Kynea", "Kynea\Kynea.csproj", "{A0E56D97-E9D0-4DEF-B102-67B6FAF7DDEE}"
EndProject
Global
	GlobalSection(SolutionConfigurationPlatforms) = preSolution
		Debug|Any CPU = Debug|Any CPU
		Release|Any CPU = Release|Any CPU
	EndGlobalSection
	GlobalSection(ProjectConfigurationPlatforms) = postSolution
		{A0E56D97-E9D0-4DEF-B102-67B6FAF7DDEE}.Debug|Any CPU.ActiveCfg = Debug|Any CPU
		{A0E56D97-E9D0-4DEF-B102-67B6FAF7DDEE}.Debug|Any CPU.Build.0 = Debug|Any CPU
		{A0E56D97-E9D0-4DEF-B102-67B6FAF7DDEE}.Release|Any CPU.ActiveCfg = Release|Any CPU
		{A0E56D97-E9D0-4DEF-B102-67B6FAF7DDEE}.Release|Any CPU.Build.0 = Release|Any CPU
	EndGlobalSection
	GlobalSection(SolutionProperties) = preSolution
		HideSolutionNode = FALSE
	EndGlobalSection
	GlobalSection(ExtensibilityGlobals) = postSolution
		SolutionGuid = {74914D2E-24BC-4D0E-8092-32749B77E01A}
	EndGlobalSection
EndGlobal
